
Microsoft Visual Studio Solution File, Format Version 12.00
# Visual Studio Version 17
VisualStudioVersion = 17.8.34330.188
MinimumVisualStudioVersion = 10.0.40219.1
Project("{9A19103F-16F7-4668-BE54-9A1E7A4F7556}") = "project", "project.csproj", "{EF0B0C8A-A462-4477-B26F-DE0A2AAEFB54}"
EndProject
Global
	GlobalSection(SolutionConfigurationPlatforms) = preSolution
		Debug|Any CPU = Debug|Any CPU
		Release|Any CPU = Release|Any CPU
	EndGlobalSection
	GlobalSection(ProjectConfigurationPlatforms) = postSolution
		{EF0B0C8A-A462-4477-B26F-DE0A2AAEFB54}.Debug|Any CPU.ActiveCfg = Debug|Any CPU
		{EF0B0C8A-A462-4477-B26F-DE0A2AAEFB54}.Debug|Any CPU.Build.0 = Debug|Any CPU
		{EF0B0C8A-A462-4477-B26F-DE0A2AAEFB54}.Release|Any CPU.ActiveCfg = Release|Any CPU
		{EF0B0C8A-A462-4477-B26F-DE0A2AAEFB54}.Release|Any CPU.Build.0 = Release|Any CPU
	EndGlobalSection
	GlobalSection(SolutionProperties) = preSolution
		HideSolutionNode = FALSE
	EndGlobalSection
	GlobalSection(ExtensibilityGlobals) = postSolution
		SolutionGuid = {559B9234-0F7B-482C-AADC-862B7DD3373A}
	EndGlobalSection
EndGlobal
